
Microsoft Visual Studio Solution File, Format Version 12.00
# Visual Studio Version 16
VisualStudioVersion = 16.0.30503.244
MinimumVisualStudioVersion = 10.0.40219.1
Project("{FAE04EC0-301F-11D3-BF4B-00C04F79EFBC}") = "Devices", "Devices\Devices.csproj", "{FC773A1C-D550-462A-8713-CE585271D6F7}"
EndProject
Global
	GlobalSection(SolutionConfigurationPlatforms) = preSolution
		Debug|Any CPU = Debug|Any CPU
		Release|Any CPU = Release|Any CPU
	EndGlobalSection
	GlobalSection(ProjectConfigurationPlatforms) = postSolution
		{FC773A1C-D550-462A-8713-CE585271D6F7}.Debug|Any CPU.ActiveCfg = Debug|Any CPU
		{FC773A1C-D550-462A-8713-CE585271D6F7}.Debug|Any CPU.Build.0 = Debug|Any CPU
		{FC773A1C-D550-462A-8713-CE585271D6F7}.Release|Any CPU.ActiveCfg = Release|Any CPU
		{FC773A1C-D550-462A-8713-CE585271D6F7}.Release|Any CPU.Build.0 = Release|Any CPU
	EndGlobalSection
	GlobalSection(SolutionProperties) = preSolution
		HideSolutionNode = FALSE
	EndGlobalSection
	GlobalSection(ExtensibilityGlobals) = postSolution
		SolutionGuid = {7DAE303B-18B1-46BD-BFD1-1EE2117F9441}
	EndGlobalSection
EndGlobal
